
Microsoft Visual Studio Solution File, Format Version 12.00
# Visual Studio 14
VisualStudioVersion = 14.0.22823.1
MinimumVisualStudioVersion = 10.0.40219.1
Project("{FAE04EC0-301F-11D3-BF4B-00C04F79EFBC}") = "Playground.Azure.Web", "Playground.Azure.Web\Playground.Azure.Web.csproj", "{DFB37282-FEA6-44E6-9DFE-D9CDF5432FAD}"
EndProject
Project("{FAE04EC0-301F-11D3-BF4B-00C04F79EFBC}") = "Playground.Azure.Web.Tests", "Playground.Azure.Web.Tests\Playground.Azure.Web.Tests.csproj", "{3CB7B59C-0384-4DA5-A4AA-B36423121DCC}"
EndProject
Global
	GlobalSection(SolutionConfigurationPlatforms) = preSolution
		Debug|Any CPU = Debug|Any CPU
		Release|Any CPU = Release|Any CPU
	EndGlobalSection
	GlobalSection(ProjectConfigurationPlatforms) = postSolution
		{DFB37282-FEA6-44E6-9DFE-D9CDF5432FAD}.Debug|Any CPU.ActiveCfg = Debug|Any CPU
		{DFB37282-FEA6-44E6-9DFE-D9CDF5432FAD}.Debug|Any CPU.Build.0 = Debug|Any CPU
		{DFB37282-FEA6-44E6-9DFE-D9CDF5432FAD}.Release|Any CPU.ActiveCfg = Release|Any CPU
		{DFB37282-FEA6-44E6-9DFE-D9CDF5432FAD}.Release|Any CPU.Build.0 = Release|Any CPU
		{3CB7B59C-0384-4DA5-A4AA-B36423121DCC}.Debug|Any CPU.ActiveCfg = Debug|Any CPU
		{3CB7B59C-0384-4DA5-A4AA-B36423121DCC}.Debug|Any CPU.Build.0 = Debug|Any CPU
		{3CB7B59C-0384-4DA5-A4AA-B36423121DCC}.Release|Any CPU.ActiveCfg = Release|Any CPU
		{3CB7B59C-0384-4DA5-A4AA-B36423121DCC}.Release|Any CPU.Build.0 = Release|Any CPU
	EndGlobalSection
	GlobalSection(SolutionProperties) = preSolution
		HideSolutionNode = FALSE
	EndGlobalSection
EndGlobal
